{
  "version": 4,
  "terraform_version": "1.7.0",
  "serial": 245,
  "lineage": "6b5f6ee3-22ee-b923-cf75-95ee1b236809",
  "outputs": {},
  "resources": [
    {
      "mode": "managed",
      "type": "aws_key_pair",
      "name": "tf-key-pair",
      "provider": "provider[\"registry.terraform.io/hashicorp/aws\"]",
      "instances": [
        {
          "schema_version": 1,
          "attributes": {
            "arn": "arn:aws:ec2:us-east-1:123096254985:key-pair/keyins",
            "fingerprint": "b1:f4:ef:70:7a:08:a7:9a:c4:09:3a:e1:db:59:62:ef",
            "id": "keyins",
            "key_name": "keyins",
            "key_name_prefix": "",
            "key_pair_id": "key-057df6e0525d7dc8f",
            "key_type": "rsa",
            "public_key": "ssh-rsa AAAAB3NzaC1yc2EAAAADAQABAAACAQCfeYGKNZLi4Sed4XRRO2kyJKVmItFFopPUp/pEbI84Ho/OAvetNaLmrd5gvUO3IpiLLSkkXLBXyPZVDHDqocTl76xqnsjUacT2EYPdf13zHjdDuQS3LvRZLsyAgtFDjayoDDZTEbMXT/ROTrSDf7xA+PFDO4Ui3xKOAwKecN6wU0R3Dld8degME6qgk2HNVn//HHFZWELTVVCXH3HjBp5sxYuaDoPs9zL5KrP+7Mk+dOxNCetWpBmTzo9Uq54OShjr8Xco1XZuEaVw2R50MwYPxr/eIeWJJQkQBvv10Bhk+ZGNrkijKTjISryaDqoYo2qvsusEMbz4bpNsFFFrTp78vWe3o9umHSPoL7hbA/4/tf3Qsuo6wgON0QmTOIu690wQEsey1xnT803kw3mu4yUkTCRu6hfgnbJDjpuuAELp7pwI1jm1OooR9LYCU5ete7/KKTNdjjFJcnaOWvYnFTEZqXqdQUgIvATuG/nWW5xNfTEcujZtm98KvJcgN+DA9IXNc2DyBzan/ytzQ8f2NI3JSBt7MErYjt3VVV6eyeiEA8wotWczv7VhWNBZUfpIO9d7EbOlHF2UUVpTaTLrTosgObcU7D2QmDjyrbqundPlE0jdot1oyscq67Uzbz2pG2108QYyV46Ak9OKhNYy8Ekz0+x+Oazaew7oakwhnFem+Q==",
            "tags": {},
            "tags_all": {}
          },
          "sensitive_attributes": [],
          "private": "eyJzY2hlbWFfdmVyc2lvbiI6IjEifQ==",
          "dependencies": [
            "tls_private_key.rsa"
          ]
        }
      ]
    },
    {
      "mode": "managed",
      "type": "aws_security_group",
      "name": "allow_all",
      "provider": "provider[\"registry.terraform.io/hashicorp/aws\"]",
      "instances": [
        {
          "schema_version": 1,
          "attributes": {
            "arn": "arn:aws:ec2:us-east-1:123096254985:security-group/sg-0a7da81531d841d57",
            "description": "Allow all traffic",
            "egress": [
              {
                "cidr_blocks": [
                  "0.0.0.0/0"
                ],
                "description": "",
                "from_port": 0,
                "ipv6_cidr_blocks": [],
                "prefix_list_ids": [],
                "protocol": "tcp",
                "security_groups": [],
                "self": false,
                "to_port": 65535
              }
            ],
            "id": "sg-0a7da81531d841d57",
            "ingress": [
              {
                "cidr_blocks": [
                  "0.0.0.0/0"
                ],
                "description": "",
                "from_port": 0,
                "ipv6_cidr_blocks": [],
                "prefix_list_ids": [],
                "protocol": "tcp",
                "security_groups": [],
                "self": false,
                "to_port": 65535
              }
            ],
            "name": "allow-all-traffic",
            "name_prefix": "",
            "owner_id": "123096254985",
            "revoke_rules_on_delete": false,
            "tags": {},
            "tags_all": {},
            "timeouts": null,
            "vpc_id": "vpc-0c7539956d1306549"
          },
          "sensitive_attributes": [],
          "private": "eyJlMmJmYjczMC1lY2FhLTExZTYtOGY4OC0zNDM2M2JjN2M0YzAiOnsiY3JlYXRlIjo2MDAwMDAwMDAwMDAsImRlbGV0ZSI6OTAwMDAwMDAwMDAwfSwic2NoZW1hX3ZlcnNpb24iOiIxIn0=",
          "dependencies": [
            "module.vpc2.aws_vpc.batch24"
          ]
        }
      ]
    },
    {
      "mode": "managed",
      "type": "aws_security_group",
      "name": "private_subnet_sg",
      "provider": "provider[\"registry.terraform.io/hashicorp/aws\"]",
      "instances": [
        {
          "schema_version": 1,
          "attributes": {
            "arn": "arn:aws:ec2:us-east-1:123096254985:security-group/sg-0a38b6a8d4b939ff0",
            "description": "only ssh access",
            "egress": [
              {
                "cidr_blocks": [
                  "0.0.0.0/0"
                ],
                "description": "",
                "from_port": 0,
                "ipv6_cidr_blocks": [],
                "prefix_list_ids": [],
                "protocol": "tcp",
                "security_groups": [],
                "self": false,
                "to_port": 65535
              }
            ],
            "id": "sg-0a38b6a8d4b939ff0",
            "ingress": [
              {
                "cidr_blocks": [
                  "10.8.128.0/18"
                ],
                "description": "",
                "from_port": 22,
                "ipv6_cidr_blocks": [],
                "prefix_list_ids": [],
                "protocol": "tcp",
                "security_groups": [],
                "self": false,
                "to_port": 22
              }
            ],
            "name": "private-instance-traffic",
            "name_prefix": "",
            "owner_id": "123096254985",
            "revoke_rules_on_delete": false,
            "tags": {},
            "tags_all": {},
            "timeouts": null,
            "vpc_id": "vpc-0c7539956d1306549"
          },
          "sensitive_attributes": [],
          "private": "eyJlMmJmYjczMC1lY2FhLTExZTYtOGY4OC0zNDM2M2JjN2M0YzAiOnsiY3JlYXRlIjo2MDAwMDAwMDAwMDAsImRlbGV0ZSI6OTAwMDAwMDAwMDAwfSwic2NoZW1hX3ZlcnNpb24iOiIxIn0=",
          "dependencies": [
            "module.vpc2.aws_vpc.batch24"
          ]
        }
      ]
    },
    {
      "mode": "managed",
      "type": "local_file",
      "name": "tf-key",
      "provider": "provider[\"registry.terraform.io/hashicorp/local\"]",
      "instances": [
        {
          "schema_version": 0,
          "attributes": {
            "content": "-----BEGIN RSA PRIVATE KEY-----\nMIIJKQIBAAKCAgEAn3mBijWS4uEnneF0UTtpMiSlZiLRRaKT1Kf6RGyPOB6PzgL3\nrTWi5q3eYL1DtyKYiy0pJFywV8j2VQxw6qHE5e+sap7I1GnE9hGD3X9d8x43Q7kE\nty70WS7MgILRQ42sqAw2UxGzF0/0Tk60g3+8QPjxQzuFIt8SjgMCnnDesFNEdw5X\nfHXoDBOqoJNhzVZ//xxxWVhC01VQlx9x4waebMWLmg6D7Pcy+Sqz/uzJPnTsTQnr\nVqQZk86PVKueDkoY6/F3KNV2bhGlcNkedDMGD8a/3iHliSUJEAb79dAYZPmRja5I\noyk4yEq8mg6qGKNqr7LrBDG8+G6TbBRRa06e/L1nt6Pbph0j6C+4WwP+P7X90LLq\nOsIDjdEJkziLuvdMEBLHstcZ0/NN5MN5ruMlJEwkbuoX4J2yQ46brgBC6e6cCNY5\ntTqKEfS2AlOXrXu/yikzXY4xSXJ2jlr2JxUxGal6nUFICLwE7hv51lucTX0xHLo2\nbZvfCryXIDfgwPSFzXNg8gc2p/8rc0PH9jSNyUgbezBK2I7d1VVensnohAPMKLVn\nM7+1YVjQWVH6SDvXexGzpRxdlFFaU2ky606LIDm3FOw9kJg48q26rp3T5RNI3aLd\naMrHKuu1M289qRttdPEGMleOgJPTioTWMvBJM9Psfjms2nsO6GpMIZxXpvkCAwEA\nAQKCAgAfQQTuPUmoRVAqVQEi2m3ncd8ogTJaX15xkuotdskqynKMgXBg9d4TL4gh\nlXYr8g/LVvJ1OeUljzEXwfRvR3z7Q1mbG7toRcJgJ1acllWnTAiwsRYHgKBKyi0y\nEnFIt/9af+o1pYZfzz+mCS6/hs0yPpeqAYQ6LVXJlzVwL9a039zPKHRk5AayNzh9\nd+T3BTjYmo5sYCvYlyPQOk1rnOR3lM+jRaz9SAUpaAEWuPlH0EpvXr5MoKSSnyzf\n/zJewo7Xzt73lb48HCE8WJDrXQSXGvCHbEU795IrHfNLXZkqUO8BwWJi97U1K9CC\nsNUNNxm1jW8Zx1Wtqp4h1GmQijwGJTWqzq3a2DKRG3gd2b25UKS/RaQElPAvS1fH\nbPZYKmlr1UjpyvjdGSrOihZBcC72tu//E8EaNpTGur1+/y+cgpdZW3BJpBy9aFFI\nca2rbQKIZ1MFMd2e2uMEBphWejx6n7zKW3/GGmxRpm1tV2TOD92oZNs+kk+N96Qs\nUv9QgjmVQ/NRfCG8Dwp9pDgGk7z+BSH0VS0yUQ7PQlgS8T7ZqQSO5gRMSxHyZTdW\nX4de7jOwKarkMfdN6zaXlqgdLhJXwd3v53w8hPyHeqwEI2vU0MuIlR0q14B64ZDV\nxL8NANZrwwFHM5xM7zW1FW4psaRl4+n9p53m0MzEFeje8cy0MQKCAQEAyR0E9a2O\nLfvlwEUKf//QUO+kLHytkM4LG3IUTvP0FKIPRZkQQtkZdCxrHTSaZrMybfVYGm6w\nxwFezqYW8G6Tk90n0O5wZm1BOzuChKBSRFq48gjJc+BDGGJ8e4Q5OBYWb4cTSJXZ\nc0eo3YhDhBHMy3XX4z8YYqA7Bw0MKfDHLr2FQ75lHH8V1tj6f5vfsjw1QR7yITUX\nz6eT/28ytwtPnZsS6c4Id0uzM6sMzCJyQRwQ1TfJ2sEdI1e0kXbaLZxBfRLBSBAs\n3P6Ry0fZoc49pUlFwcd9MG5Ji/w0ms/GRnvck9zK9Tzp0on5TiMtWFxQeP3+Hebt\nptETi0CTRcpg0wKCAQEAyv9bSzoaC7/w7050b1p1KuTgqHwtQ0qiIXq9Pk5oE4Ej\nghDBmEQTWb2+b2cNgFf54eCE1oOEWry/IPs3TCFHZt3ktlUiI8qCA5Hsangr4q/S\nbyU5/qzaz7dzL6Rf0gtegh1u299bfP3EbolqkGH5EStHV0CcyVj0t88Kvjf6YTTM\nlI5uUCTfE9yLIQUL1Jq7SjIpZ7WxeW3lyY0YLPp8ZPOePBuN/wUyRIXvWIYlwPVU\nIApejD6hYmFHcC0zhtUVBqxsaGFKg3qMbkxEsRSO3JJC9U0XcFhawXjottWnhJdp\nxonocVEt7NhFVO4yKgVz+MqXrOIZgGDQRggwxC6ZgwKCAQB/to/5u/c4OGjUSoO6\neSc+3o+xOJO4C0B+c1l2MfFkUO3F0sfCy78gSTzUVR1f7pgtv8ntLzHPjo04Sbzz\nfiT1l1G7mk+CnAr6pHXj5zOW+M3N1cqobVfuWkyW24bCmTQyKuMSCycF0BHqbKgD\nbJJS+kjYpK7Fot8ZQS3iTGcQxYWlWXk4OXQS9cNN2hyaQSXIbvBwKhku40pWwbTB\nDMvIWDwQgahaqZXpT8xWreFEe6As5rqm0k/Aq+edII64vCvSU2CudKcox/ip0Lzh\nxejb18YWoqpbYQ4PeV+mmB9fjzSqKWIxjjcmXjwVZL1dCXKJAzKmpolwkAELQzzC\n6xvFAoIBAQCNI2pYLXd6f+OGnye5XE1mm2fP/TaDONrtKCd3sJAQL5N+lSPlOD+z\n/4bucdojSAfHEpGJjDtz0xOYXNIfrmu0i8a/NwXbmKs4zDZx+Eea/t/ywxFFju07\nyrLdhw3QPnNhSBGR8gPsLYxrxkM/S78ePtcFRTk9jQno2pz/kHAXMdyj1TvBoUEw\n0AAz3wxQr5xUg/fh0aQpZ02DCwSqESZ4EiIMbKQXkYdXuT+mbu7E8E2jUVJXdBxF\nCJng1qyirHhIAY4GLM7gB06oSYLhFAgYN+EyKH2JcQT4y5YRuQ8V0yiKD8x7LRQf\nPmdGG67pJI1zh3hZjYJpjeaBKqStYjD9AoIBAQCFOwwd13qrh4z3mLmNT4CPlG7E\n93ZWM2tTpuaMRR0NlUoCYfWdJO/3/aqI0++CIyZWiLpehT1aoSYiWk+pKDe07sYI\nyWSa5Pr5Q2afqh6UZh99SMMW48aR2SSdvTAr+0fUlu9QxCsCCztiKs+qjgsw7ePa\nFdgxuxE+mVIkDR57U6aE/1ufmIXEUxIb6tC62WHeXW5qNbP3tqnjqsS62t0GgGLO\nzbRkibKYVeoonX2sljKoQuCx+8Ke43+Lm2yvZFNJxjRX2S8+JgnY3p75tsWuEtDl\nG3ccSkrV+6x2VMjqRgznXI5zOWbpXDshGtrIhvYxWKje6v7JRiCK9mq2qoUI\n-----END RSA PRIVATE KEY-----\n",
            "content_base64": null,
            "content_base64sha256": "muy0iZwY7Q/Ka+AsNhO/+ztgxhbxv9TkqEvlxVPBEw8=",
            "content_base64sha512": "vN5wUcjpHGE0o+xH4an9IZwkiAifDiDepeoNIcIkx4laGmDrZeuW7osCGzFXJtzoqkJ5vDcxagA4adBIeKJQIw==",
            "content_md5": "d4bf50e85bb9a2e934b36407992b4c1b",
            "content_sha1": "58b4cc036d1496b416a2f5bdc3c41722fdc1c9e6",
            "content_sha256": "9aecb4899c18ed0fca6be02c3613bffb3b60c616f1bfd4e4a84be5c553c1130f",
            "content_sha512": "bcde7051c8e91c6134a3ec47e1a9fd219c2488089f0e20dea5ea0d21c224c7895a1a60eb65eb96ee8b021b315726dce8aa4279bc37316a003869d04878a25023",
            "directory_permission": "0777",
            "file_permission": "0777",
            "filename": "/home/ashish/Downloads/keyins.pem",
            "id": "58b4cc036d1496b416a2f5bdc3c41722fdc1c9e6",
            "sensitive_content": null,
            "source": null
          },
          "sensitive_attributes": [
            [
              {
                "type": "get_attr",
                "value": "content"
              }
            ]
          ],
          "dependencies": [
            "tls_private_key.rsa"
          ]
        }
      ]
    },
    {
      "mode": "managed",
      "type": "tls_private_key",
      "name": "rsa",
      "provider": "provider[\"registry.terraform.io/hashicorp/tls\"]",
      "instances": [
        {
          "schema_version": 1,
          "attributes": {
            "algorithm": "RSA",
            "ecdsa_curve": "P224",
            "id": "fc530370c6be256e476d5bde750119efda5a6b91",
            "private_key_openssh": "-----BEGIN OPENSSH PRIVATE KEY-----\nb3BlbnNzaC1rZXktdjEAAAAABG5vbmUAAAAEbm9uZQAAAAAAAAABAAACFwAAAAdz\nc2gtcnNhAAAAAwEAAQAAAgEAn3mBijWS4uEnneF0UTtpMiSlZiLRRaKT1Kf6RGyP\nOB6PzgL3rTWi5q3eYL1DtyKYiy0pJFywV8j2VQxw6qHE5e+sap7I1GnE9hGD3X9d\n8x43Q7kEty70WS7MgILRQ42sqAw2UxGzF0/0Tk60g3+8QPjxQzuFIt8SjgMCnnDe\nsFNEdw5XfHXoDBOqoJNhzVZ//xxxWVhC01VQlx9x4waebMWLmg6D7Pcy+Sqz/uzJ\nPnTsTQnrVqQZk86PVKueDkoY6/F3KNV2bhGlcNkedDMGD8a/3iHliSUJEAb79dAY\nZPmRja5Ioyk4yEq8mg6qGKNqr7LrBDG8+G6TbBRRa06e/L1nt6Pbph0j6C+4WwP+\nP7X90LLqOsIDjdEJkziLuvdMEBLHstcZ0/NN5MN5ruMlJEwkbuoX4J2yQ46brgBC\n6e6cCNY5tTqKEfS2AlOXrXu/yikzXY4xSXJ2jlr2JxUxGal6nUFICLwE7hv51luc\nTX0xHLo2bZvfCryXIDfgwPSFzXNg8gc2p/8rc0PH9jSNyUgbezBK2I7d1VVensno\nhAPMKLVnM7+1YVjQWVH6SDvXexGzpRxdlFFaU2ky606LIDm3FOw9kJg48q26rp3T\n5RNI3aLdaMrHKuu1M289qRttdPEGMleOgJPTioTWMvBJM9Psfjms2nsO6GpMIZxX\npvkAAAc42gMy9NoDMvQAAAAHc3NoLXJzYQAAAgEAn3mBijWS4uEnneF0UTtpMiSl\nZiLRRaKT1Kf6RGyPOB6PzgL3rTWi5q3eYL1DtyKYiy0pJFywV8j2VQxw6qHE5e+s\nap7I1GnE9hGD3X9d8x43Q7kEty70WS7MgILRQ42sqAw2UxGzF0/0Tk60g3+8QPjx\nQzuFIt8SjgMCnnDesFNEdw5XfHXoDBOqoJNhzVZ//xxxWVhC01VQlx9x4waebMWL\nmg6D7Pcy+Sqz/uzJPnTsTQnrVqQZk86PVKueDkoY6/F3KNV2bhGlcNkedDMGD8a/\n3iHliSUJEAb79dAYZPmRja5Ioyk4yEq8mg6qGKNqr7LrBDG8+G6TbBRRa06e/L1n\nt6Pbph0j6C+4WwP+P7X90LLqOsIDjdEJkziLuvdMEBLHstcZ0/NN5MN5ruMlJEwk\nbuoX4J2yQ46brgBC6e6cCNY5tTqKEfS2AlOXrXu/yikzXY4xSXJ2jlr2JxUxGal6\nnUFICLwE7hv51lucTX0xHLo2bZvfCryXIDfgwPSFzXNg8gc2p/8rc0PH9jSNyUgb\nezBK2I7d1VVensnohAPMKLVnM7+1YVjQWVH6SDvXexGzpRxdlFFaU2ky606LIDm3\nFOw9kJg48q26rp3T5RNI3aLdaMrHKuu1M289qRttdPEGMleOgJPTioTWMvBJM9Ps\nfjms2nsO6GpMIZxXpvkAAAADAQABAAACAB9BBO49SahFUCpVASLabedx3yiBMlpf\nXnGS6i12ySrKcoyBcGD13hMviCGVdivyD8tW8nU55SWPMRfB9G9HfPtDWZsbu2hF\nwmAnVpyWVadMCLCxFgeAoErKLTIScUi3/1p/6jWlhl/PP6YJLr+GzTI+l6oBhDot\nVcmXNXAv1rTf3M8odGTkBrI3OH135PcFONiajmxgK9iXI9A6TWuc5HeUz6NFrP1I\nBSloARa4+UfQSm9evkygpJKfLN//Ml7CjtfO3veVvjwcITxYkOtdBJca8IdsRTv3\nkisd80tdmSpQ7wHBYmL3tTUr0IKw1Q03GbWNbxnHVa2qniHUaZCKPAYlNarOrdrY\nMpEbeB3ZvblQpL9FpASU8C9LV8ds9lgqaWvVSOnK+N0ZKs6KFkFwLva27/8TwRo2\nlMa6vX7/L5yCl1lbcEmkHL1oUUhxrattAohnUwUx3Z7a4wQGmFZ6PHqfvMpbf8Ya\nbFGmbW1XZM4P3ahk2z6ST433pCxS/1CCOZVD81F8IbwPCn2kOAaTvP4FIfRVLTJR\nDs9CWBLxPtmpBI7mBExLEfJlN1Zfh17uM7ApquQx903rNpeWqB0uElfB3e/nfDyE\n/Id6rAQja9TQy4iVHSrXgHrhkNXEvw0A1mvDAUcznEzvNbUVbimxpGXj6f2nnebQ\nzMQV6N7xzLQxAAABAQCFOwwd13qrh4z3mLmNT4CPlG7E93ZWM2tTpuaMRR0NlUoC\nYfWdJO/3/aqI0++CIyZWiLpehT1aoSYiWk+pKDe07sYIyWSa5Pr5Q2afqh6UZh99\nSMMW48aR2SSdvTAr+0fUlu9QxCsCCztiKs+qjgsw7ePaFdgxuxE+mVIkDR57U6aE\n/1ufmIXEUxIb6tC62WHeXW5qNbP3tqnjqsS62t0GgGLOzbRkibKYVeoonX2sljKo\nQuCx+8Ke43+Lm2yvZFNJxjRX2S8+JgnY3p75tsWuEtDlG3ccSkrV+6x2VMjqRgzn\nXI5zOWbpXDshGtrIhvYxWKje6v7JRiCK9mq2qoUIAAABAQDJHQT1rY4t++XARQp/\n/9BQ76QsfK2QzgsbchRO8/QUog9FmRBC2Rl0LGsdNJpmszJt9VgabrDHAV7Ophbw\nbpOT3SfQ7nBmbUE7O4KEoFJEWrjyCMlz4EMYYnx7hDk4FhZvhxNIldlzR6jdiEOE\nEczLddfjPxhioDsHDQwp8McuvYVDvmUcfxXW2Pp/m9+yPDVBHvIhNRfPp5P/bzK3\nC0+dmxLpzgh3S7MzqwzMInJBHBDVN8nawR0jV7SRdtotnEF9EsFIECzc/pHLR9mh\nzj2lSUXBx30wbkmL/DSaz8ZGe9yT3Mr1POnSiflOIy1YXFB4/f4d5u2m0ROLQJNF\nymDTAAABAQDK/1tLOhoLv/DvTnRvWnUq5OCofC1DSqIher0+TmgTgSOCEMGYRBNZ\nvb5vZw2AV/nh4ITWg4RavL8g+zdMIUdm3eS2VSIjyoIDkexqeCvir9JvJTn+rNrP\nt3MvpF/SC16CHW7b31t8/cRuiWqQYfkRK0dXQJzJWPS3zwq+N/phNMyUjm5QJN8T\n3IshBQvUmrtKMilntbF5beXJjRgs+nxk8548G43/BTJEhe9YhiXA9VQgCl6MPqFi\nYUdwLTOG1RUGrGxoYUqDeoxuTESxFI7ckkL1TRdwWFrBeOi21aeEl2nGiehxUS3s\n2EVU7jIqBXP4ypes4hmAYNBGCDDELpmDAAAAAAEC\n-----END OPENSSH PRIVATE KEY-----\n",
            "private_key_pem": "-----BEGIN RSA PRIVATE KEY-----\nMIIJKQIBAAKCAgEAn3mBijWS4uEnneF0UTtpMiSlZiLRRaKT1Kf6RGyPOB6PzgL3\nrTWi5q3eYL1DtyKYiy0pJFywV8j2VQxw6qHE5e+sap7I1GnE9hGD3X9d8x43Q7kE\nty70WS7MgILRQ42sqAw2UxGzF0/0Tk60g3+8QPjxQzuFIt8SjgMCnnDesFNEdw5X\nfHXoDBOqoJNhzVZ//xxxWVhC01VQlx9x4waebMWLmg6D7Pcy+Sqz/uzJPnTsTQnr\nVqQZk86PVKueDkoY6/F3KNV2bhGlcNkedDMGD8a/3iHliSUJEAb79dAYZPmRja5I\noyk4yEq8mg6qGKNqr7LrBDG8+G6TbBRRa06e/L1nt6Pbph0j6C+4WwP+P7X90LLq\nOsIDjdEJkziLuvdMEBLHstcZ0/NN5MN5ruMlJEwkbuoX4J2yQ46brgBC6e6cCNY5\ntTqKEfS2AlOXrXu/yikzXY4xSXJ2jlr2JxUxGal6nUFICLwE7hv51lucTX0xHLo2\nbZvfCryXIDfgwPSFzXNg8gc2p/8rc0PH9jSNyUgbezBK2I7d1VVensnohAPMKLVn\nM7+1YVjQWVH6SDvXexGzpRxdlFFaU2ky606LIDm3FOw9kJg48q26rp3T5RNI3aLd\naMrHKuu1M289qRttdPEGMleOgJPTioTWMvBJM9Psfjms2nsO6GpMIZxXpvkCAwEA\nAQKCAgAfQQTuPUmoRVAqVQEi2m3ncd8ogTJaX15xkuotdskqynKMgXBg9d4TL4gh\nlXYr8g/LVvJ1OeUljzEXwfRvR3z7Q1mbG7toRcJgJ1acllWnTAiwsRYHgKBKyi0y\nEnFIt/9af+o1pYZfzz+mCS6/hs0yPpeqAYQ6LVXJlzVwL9a039zPKHRk5AayNzh9\nd+T3BTjYmo5sYCvYlyPQOk1rnOR3lM+jRaz9SAUpaAEWuPlH0EpvXr5MoKSSnyzf\n/zJewo7Xzt73lb48HCE8WJDrXQSXGvCHbEU795IrHfNLXZkqUO8BwWJi97U1K9CC\nsNUNNxm1jW8Zx1Wtqp4h1GmQijwGJTWqzq3a2DKRG3gd2b25UKS/RaQElPAvS1fH\nbPZYKmlr1UjpyvjdGSrOihZBcC72tu//E8EaNpTGur1+/y+cgpdZW3BJpBy9aFFI\nca2rbQKIZ1MFMd2e2uMEBphWejx6n7zKW3/GGmxRpm1tV2TOD92oZNs+kk+N96Qs\nUv9QgjmVQ/NRfCG8Dwp9pDgGk7z+BSH0VS0yUQ7PQlgS8T7ZqQSO5gRMSxHyZTdW\nX4de7jOwKarkMfdN6zaXlqgdLhJXwd3v53w8hPyHeqwEI2vU0MuIlR0q14B64ZDV\nxL8NANZrwwFHM5xM7zW1FW4psaRl4+n9p53m0MzEFeje8cy0MQKCAQEAyR0E9a2O\nLfvlwEUKf//QUO+kLHytkM4LG3IUTvP0FKIPRZkQQtkZdCxrHTSaZrMybfVYGm6w\nxwFezqYW8G6Tk90n0O5wZm1BOzuChKBSRFq48gjJc+BDGGJ8e4Q5OBYWb4cTSJXZ\nc0eo3YhDhBHMy3XX4z8YYqA7Bw0MKfDHLr2FQ75lHH8V1tj6f5vfsjw1QR7yITUX\nz6eT/28ytwtPnZsS6c4Id0uzM6sMzCJyQRwQ1TfJ2sEdI1e0kXbaLZxBfRLBSBAs\n3P6Ry0fZoc49pUlFwcd9MG5Ji/w0ms/GRnvck9zK9Tzp0on5TiMtWFxQeP3+Hebt\nptETi0CTRcpg0wKCAQEAyv9bSzoaC7/w7050b1p1KuTgqHwtQ0qiIXq9Pk5oE4Ej\nghDBmEQTWb2+b2cNgFf54eCE1oOEWry/IPs3TCFHZt3ktlUiI8qCA5Hsangr4q/S\nbyU5/qzaz7dzL6Rf0gtegh1u299bfP3EbolqkGH5EStHV0CcyVj0t88Kvjf6YTTM\nlI5uUCTfE9yLIQUL1Jq7SjIpZ7WxeW3lyY0YLPp8ZPOePBuN/wUyRIXvWIYlwPVU\nIApejD6hYmFHcC0zhtUVBqxsaGFKg3qMbkxEsRSO3JJC9U0XcFhawXjottWnhJdp\nxonocVEt7NhFVO4yKgVz+MqXrOIZgGDQRggwxC6ZgwKCAQB/to/5u/c4OGjUSoO6\neSc+3o+xOJO4C0B+c1l2MfFkUO3F0sfCy78gSTzUVR1f7pgtv8ntLzHPjo04Sbzz\nfiT1l1G7mk+CnAr6pHXj5zOW+M3N1cqobVfuWkyW24bCmTQyKuMSCycF0BHqbKgD\nbJJS+kjYpK7Fot8ZQS3iTGcQxYWlWXk4OXQS9cNN2hyaQSXIbvBwKhku40pWwbTB\nDMvIWDwQgahaqZXpT8xWreFEe6As5rqm0k/Aq+edII64vCvSU2CudKcox/ip0Lzh\nxejb18YWoqpbYQ4PeV+mmB9fjzSqKWIxjjcmXjwVZL1dCXKJAzKmpolwkAELQzzC\n6xvFAoIBAQCNI2pYLXd6f+OGnye5XE1mm2fP/TaDONrtKCd3sJAQL5N+lSPlOD+z\n/4bucdojSAfHEpGJjDtz0xOYXNIfrmu0i8a/NwXbmKs4zDZx+Eea/t/ywxFFju07\nyrLdhw3QPnNhSBGR8gPsLYxrxkM/S78ePtcFRTk9jQno2pz/kHAXMdyj1TvBoUEw\n0AAz3wxQr5xUg/fh0aQpZ02DCwSqESZ4EiIMbKQXkYdXuT+mbu7E8E2jUVJXdBxF\nCJng1qyirHhIAY4GLM7gB06oSYLhFAgYN+EyKH2JcQT4y5YRuQ8V0yiKD8x7LRQf\nPmdGG67pJI1zh3hZjYJpjeaBKqStYjD9AoIBAQCFOwwd13qrh4z3mLmNT4CPlG7E\n93ZWM2tTpuaMRR0NlUoCYfWdJO/3/aqI0++CIyZWiLpehT1aoSYiWk+pKDe07sYI\nyWSa5Pr5Q2afqh6UZh99SMMW48aR2SSdvTAr+0fUlu9QxCsCCztiKs+qjgsw7ePa\nFdgxuxE+mVIkDR57U6aE/1ufmIXEUxIb6tC62WHeXW5qNbP3tqnjqsS62t0GgGLO\nzbRkibKYVeoonX2sljKoQuCx+8Ke43+Lm2yvZFNJxjRX2S8+JgnY3p75tsWuEtDl\nG3ccSkrV+6x2VMjqRgznXI5zOWbpXDshGtrIhvYxWKje6v7JRiCK9mq2qoUI\n-----END RSA PRIVATE KEY-----\n",
            "private_key_pem_pkcs8": "-----BEGIN PRIVATE KEY-----\nMIIJQwIBADANBgkqhkiG9w0BAQEFAASCCS0wggkpAgEAAoICAQCfeYGKNZLi4Sed\n4XRRO2kyJKVmItFFopPUp/pEbI84Ho/OAvetNaLmrd5gvUO3IpiLLSkkXLBXyPZV\nDHDqocTl76xqnsjUacT2EYPdf13zHjdDuQS3LvRZLsyAgtFDjayoDDZTEbMXT/RO\nTrSDf7xA+PFDO4Ui3xKOAwKecN6wU0R3Dld8degME6qgk2HNVn//HHFZWELTVVCX\nH3HjBp5sxYuaDoPs9zL5KrP+7Mk+dOxNCetWpBmTzo9Uq54OShjr8Xco1XZuEaVw\n2R50MwYPxr/eIeWJJQkQBvv10Bhk+ZGNrkijKTjISryaDqoYo2qvsusEMbz4bpNs\nFFFrTp78vWe3o9umHSPoL7hbA/4/tf3Qsuo6wgON0QmTOIu690wQEsey1xnT803k\nw3mu4yUkTCRu6hfgnbJDjpuuAELp7pwI1jm1OooR9LYCU5ete7/KKTNdjjFJcnaO\nWvYnFTEZqXqdQUgIvATuG/nWW5xNfTEcujZtm98KvJcgN+DA9IXNc2DyBzan/ytz\nQ8f2NI3JSBt7MErYjt3VVV6eyeiEA8wotWczv7VhWNBZUfpIO9d7EbOlHF2UUVpT\naTLrTosgObcU7D2QmDjyrbqundPlE0jdot1oyscq67Uzbz2pG2108QYyV46Ak9OK\nhNYy8Ekz0+x+Oazaew7oakwhnFem+QIDAQABAoICAB9BBO49SahFUCpVASLabedx\n3yiBMlpfXnGS6i12ySrKcoyBcGD13hMviCGVdivyD8tW8nU55SWPMRfB9G9HfPtD\nWZsbu2hFwmAnVpyWVadMCLCxFgeAoErKLTIScUi3/1p/6jWlhl/PP6YJLr+GzTI+\nl6oBhDotVcmXNXAv1rTf3M8odGTkBrI3OH135PcFONiajmxgK9iXI9A6TWuc5HeU\nz6NFrP1IBSloARa4+UfQSm9evkygpJKfLN//Ml7CjtfO3veVvjwcITxYkOtdBJca\n8IdsRTv3kisd80tdmSpQ7wHBYmL3tTUr0IKw1Q03GbWNbxnHVa2qniHUaZCKPAYl\nNarOrdrYMpEbeB3ZvblQpL9FpASU8C9LV8ds9lgqaWvVSOnK+N0ZKs6KFkFwLva2\n7/8TwRo2lMa6vX7/L5yCl1lbcEmkHL1oUUhxrattAohnUwUx3Z7a4wQGmFZ6PHqf\nvMpbf8YabFGmbW1XZM4P3ahk2z6ST433pCxS/1CCOZVD81F8IbwPCn2kOAaTvP4F\nIfRVLTJRDs9CWBLxPtmpBI7mBExLEfJlN1Zfh17uM7ApquQx903rNpeWqB0uElfB\n3e/nfDyE/Id6rAQja9TQy4iVHSrXgHrhkNXEvw0A1mvDAUcznEzvNbUVbimxpGXj\n6f2nnebQzMQV6N7xzLQxAoIBAQDJHQT1rY4t++XARQp//9BQ76QsfK2QzgsbchRO\n8/QUog9FmRBC2Rl0LGsdNJpmszJt9VgabrDHAV7OphbwbpOT3SfQ7nBmbUE7O4KE\noFJEWrjyCMlz4EMYYnx7hDk4FhZvhxNIldlzR6jdiEOEEczLddfjPxhioDsHDQwp\n8McuvYVDvmUcfxXW2Pp/m9+yPDVBHvIhNRfPp5P/bzK3C0+dmxLpzgh3S7MzqwzM\nInJBHBDVN8nawR0jV7SRdtotnEF9EsFIECzc/pHLR9mhzj2lSUXBx30wbkmL/DSa\nz8ZGe9yT3Mr1POnSiflOIy1YXFB4/f4d5u2m0ROLQJNFymDTAoIBAQDK/1tLOhoL\nv/DvTnRvWnUq5OCofC1DSqIher0+TmgTgSOCEMGYRBNZvb5vZw2AV/nh4ITWg4Ra\nvL8g+zdMIUdm3eS2VSIjyoIDkexqeCvir9JvJTn+rNrPt3MvpF/SC16CHW7b31t8\n/cRuiWqQYfkRK0dXQJzJWPS3zwq+N/phNMyUjm5QJN8T3IshBQvUmrtKMilntbF5\nbeXJjRgs+nxk8548G43/BTJEhe9YhiXA9VQgCl6MPqFiYUdwLTOG1RUGrGxoYUqD\neoxuTESxFI7ckkL1TRdwWFrBeOi21aeEl2nGiehxUS3s2EVU7jIqBXP4ypes4hmA\nYNBGCDDELpmDAoIBAH+2j/m79zg4aNRKg7p5Jz7ej7E4k7gLQH5zWXYx8WRQ7cXS\nx8LLvyBJPNRVHV/umC2/ye0vMc+OjThJvPN+JPWXUbuaT4KcCvqkdePnM5b4zc3V\nyqhtV+5aTJbbhsKZNDIq4xILJwXQEepsqANsklL6SNikrsWi3xlBLeJMZxDFhaVZ\neTg5dBL1w03aHJpBJchu8HAqGS7jSlbBtMEMy8hYPBCBqFqplelPzFat4UR7oCzm\nuqbST8Cr550gjri8K9JTYK50pyjH+KnQvOHF6NvXxhaiqlthDg95X6aYH1+PNKop\nYjGONyZePBVkvV0JcokDMqamiXCQAQtDPMLrG8UCggEBAI0jalgtd3p/44afJ7lc\nTWabZ8/9NoM42u0oJ3ewkBAvk36VI+U4P7P/hu5x2iNIB8cSkYmMO3PTE5hc0h+u\na7SLxr83BduYqzjMNnH4R5r+3/LDEUWO7TvKst2HDdA+c2FIEZHyA+wtjGvGQz9L\nvx4+1wVFOT2NCejanP+QcBcx3KPVO8GhQTDQADPfDFCvnFSD9+HRpClnTYMLBKoR\nJngSIgxspBeRh1e5P6Zu7sTwTaNRUld0HEUImeDWrKKseEgBjgYszuAHTqhJguEU\nCBg34TIofYlxBPjLlhG5DxXTKIoPzHstFB8+Z0YbrukkjXOHeFmNgmmN5oEqpK1i\nMP0CggEBAIU7DB3XequHjPeYuY1PgI+UbsT3dlYza1Om5oxFHQ2VSgJh9Z0k7/f9\nqojT74IjJlaIul6FPVqhJiJaT6koN7TuxgjJZJrk+vlDZp+qHpRmH31IwxbjxpHZ\nJJ29MCv7R9SW71DEKwILO2Iqz6qOCzDt49oV2DG7ET6ZUiQNHntTpoT/W5+YhcRT\nEhvq0LrZYd5dbmo1s/e2qeOqxLra3QaAYs7NtGSJsphV6iidfayWMqhC4LH7wp7j\nf4ubbK9kU0nGNFfZLz4mCdjenvm2xa4S0OUbdxxKStX7rHZUyOpGDOdcjnM5Zulc\nOyEa2siG9jFYqN7q/slGIIr2araqhQg=\n-----END PRIVATE KEY-----\n",
            "public_key_fingerprint_md5": "47:8a:2d:49:de:ef:df:4b:9e:86:d7:8c:13:f3:95:6c",
            "public_key_fingerprint_sha256": "SHA256:sW8GVZKRmgnYKCCDIScc/F9w5nLExr9FHuOMueE3P4s",
            "public_key_openssh": "ssh-rsa AAAAB3NzaC1yc2EAAAADAQABAAACAQCfeYGKNZLi4Sed4XRRO2kyJKVmItFFopPUp/pEbI84Ho/OAvetNaLmrd5gvUO3IpiLLSkkXLBXyPZVDHDqocTl76xqnsjUacT2EYPdf13zHjdDuQS3LvRZLsyAgtFDjayoDDZTEbMXT/ROTrSDf7xA+PFDO4Ui3xKOAwKecN6wU0R3Dld8degME6qgk2HNVn//HHFZWELTVVCXH3HjBp5sxYuaDoPs9zL5KrP+7Mk+dOxNCetWpBmTzo9Uq54OShjr8Xco1XZuEaVw2R50MwYPxr/eIeWJJQkQBvv10Bhk+ZGNrkijKTjISryaDqoYo2qvsusEMbz4bpNsFFFrTp78vWe3o9umHSPoL7hbA/4/tf3Qsuo6wgON0QmTOIu690wQEsey1xnT803kw3mu4yUkTCRu6hfgnbJDjpuuAELp7pwI1jm1OooR9LYCU5ete7/KKTNdjjFJcnaOWvYnFTEZqXqdQUgIvATuG/nWW5xNfTEcujZtm98KvJcgN+DA9IXNc2DyBzan/ytzQ8f2NI3JSBt7MErYjt3VVV6eyeiEA8wotWczv7VhWNBZUfpIO9d7EbOlHF2UUVpTaTLrTosgObcU7D2QmDjyrbqundPlE0jdot1oyscq67Uzbz2pG2108QYyV46Ak9OKhNYy8Ekz0+x+Oazaew7oakwhnFem+Q==\n",
            "public_key_pem": "-----BEGIN PUBLIC KEY-----\nMIICIjANBgkqhkiG9w0BAQEFAAOCAg8AMIICCgKCAgEAn3mBijWS4uEnneF0UTtp\nMiSlZiLRRaKT1Kf6RGyPOB6PzgL3rTWi5q3eYL1DtyKYiy0pJFywV8j2VQxw6qHE\n5e+sap7I1GnE9hGD3X9d8x43Q7kEty70WS7MgILRQ42sqAw2UxGzF0/0Tk60g3+8\nQPjxQzuFIt8SjgMCnnDesFNEdw5XfHXoDBOqoJNhzVZ//xxxWVhC01VQlx9x4wae\nbMWLmg6D7Pcy+Sqz/uzJPnTsTQnrVqQZk86PVKueDkoY6/F3KNV2bhGlcNkedDMG\nD8a/3iHliSUJEAb79dAYZPmRja5Ioyk4yEq8mg6qGKNqr7LrBDG8+G6TbBRRa06e\n/L1nt6Pbph0j6C+4WwP+P7X90LLqOsIDjdEJkziLuvdMEBLHstcZ0/NN5MN5ruMl\nJEwkbuoX4J2yQ46brgBC6e6cCNY5tTqKEfS2AlOXrXu/yikzXY4xSXJ2jlr2JxUx\nGal6nUFICLwE7hv51lucTX0xHLo2bZvfCryXIDfgwPSFzXNg8gc2p/8rc0PH9jSN\nyUgbezBK2I7d1VVensnohAPMKLVnM7+1YVjQWVH6SDvXexGzpRxdlFFaU2ky606L\nIDm3FOw9kJg48q26rp3T5RNI3aLdaMrHKuu1M289qRttdPEGMleOgJPTioTWMvBJ\nM9Psfjms2nsO6GpMIZxXpvkCAwEAAQ==\n-----END PUBLIC KEY-----\n",
            "rsa_bits": 4096
          },
          "sensitive_attributes": []
        }
      ]
    },
    {
      "module": "module.ec2",
      "mode": "managed",
      "type": "aws_instance",
      "name": "aws",
      "provider": "provider[\"registry.terraform.io/hashicorp/aws\"]",
      "instances": [
        {
          "index_key": 0,
          "schema_version": 1,
          "attributes": {
            "ami": "ami-06aa3f7caf3a30282",
            "arn": "arn:aws:ec2:us-east-1:123096254985:instance/i-0aeeb4965764fbf2e",
            "associate_public_ip_address": true,
            "availability_zone": "us-east-1c",
            "capacity_reservation_specification": [
              {
                "capacity_reservation_preference": "open",
                "capacity_reservation_target": []
              }
            ],
            "cpu_core_count": 1,
            "cpu_options": [
              {
                "amd_sev_snp": "",
                "core_count": 1,
                "threads_per_core": 1
              }
            ],
            "cpu_threads_per_core": 1,
            "credit_specification": [
              {
                "cpu_credits": "standard"
              }
            ],
            "disable_api_stop": false,
            "disable_api_termination": false,
            "ebs_block_device": [],
            "ebs_optimized": false,
            "enclave_options": [
              {
                "enabled": false
              }
            ],
            "ephemeral_block_device": [],
            "get_password_data": false,
            "hibernation": false,
            "host_id": "",
            "host_resource_group_arn": null,
            "iam_instance_profile": "",
            "id": "i-0aeeb4965764fbf2e",
            "instance_initiated_shutdown_behavior": "stop",
            "instance_lifecycle": "",
            "instance_market_options": [],
            "instance_state": "running",
            "instance_type": "t2.micro",
            "ipv6_address_count": 0,
            "ipv6_addresses": [],
            "key_name": "keyins",
            "launch_template": [],
            "maintenance_options": [
              {
                "auto_recovery": "default"
              }
            ],
            "metadata_options": [
              {
                "http_endpoint": "enabled",
                "http_protocol_ipv6": "disabled",
                "http_put_response_hop_limit": 1,
                "http_tokens": "optional",
                "instance_metadata_tags": "disabled"
              }
            ],
            "monitoring": false,
            "network_interface": [],
            "outpost_arn": "",
            "password_data": "",
            "placement_group": "",
            "placement_partition_number": 0,
            "primary_network_interface_id": "eni-0b375ad59f5c9943a",
            "private_dns": "ip-10-8-138-255.ec2.internal",
            "private_dns_name_options": [
              {
                "enable_resource_name_dns_a_record": false,
                "enable_resource_name_dns_aaaa_record": false,
                "hostname_type": "ip-name"
              }
            ],
            "private_ip": "10.8.138.255",
            "public_dns": "",
            "public_ip": "44.195.25.179",
            "root_block_device": [
              {
                "delete_on_termination": true,
                "device_name": "/dev/sda1",
                "encrypted": false,
                "iops": 100,
                "kms_key_id": "",
                "tags": {},
                "throughput": 0,
                "volume_id": "vol-0343630f899a4078f",
                "volume_size": 8,
                "volume_type": "gp2"
              }
            ],
            "secondary_private_ips": [],
            "security_groups": [],
            "source_dest_check": true,
            "spot_instance_request_id": "",
            "subnet_id": "subnet-035f6cfa201554e23",
            "tags": {
              "Name": "bastion[count.index]"
            },
            "tags_all": {
              "Name": "bastion[count.index]"
            },
            "tenancy": "default",
            "timeouts": null,
            "user_data": null,
            "user_data_base64": null,
            "user_data_replace_on_change": false,
            "volume_tags": null,
            "vpc_security_group_ids": [
              "sg-0a7da81531d841d57"
            ]
          },
          "sensitive_attributes": [],
          "private": "eyJlMmJmYjczMC1lY2FhLTExZTYtOGY4OC0zNDM2M2JjN2M0YzAiOnsiY3JlYXRlIjo2MDAwMDAwMDAwMDAsImRlbGV0ZSI6MTIwMDAwMDAwMDAwMCwidXBkYXRlIjo2MDAwMDAwMDAwMDB9LCJzY2hlbWFfdmVyc2lvbiI6IjEifQ==",
          "dependencies": [
            "aws_key_pair.tf-key-pair",
            "aws_security_group.allow_all",
            "module.subnet.aws_subnet.public_subnet",
            "module.vpc2.aws_vpc.batch24",
            "tls_private_key.rsa"
          ]
        },
        {
          "index_key": 1,
          "schema_version": 1,
          "attributes": {
            "ami": "ami-06aa3f7caf3a30282",
            "arn": "arn:aws:ec2:us-east-1:123096254985:instance/i-0744e18b21c180016",
            "associate_public_ip_address": true,
            "availability_zone": "us-east-1b",
            "capacity_reservation_specification": [
              {
                "capacity_reservation_preference": "open",
                "capacity_reservation_target": []
              }
            ],
            "cpu_core_count": 1,
            "cpu_options": [
              {
                "amd_sev_snp": "",
                "core_count": 1,
                "threads_per_core": 1
              }
            ],
            "cpu_threads_per_core": 1,
            "credit_specification": [
              {
                "cpu_credits": "standard"
              }
            ],
            "disable_api_stop": false,
            "disable_api_termination": false,
            "ebs_block_device": [],
            "ebs_optimized": false,
            "enclave_options": [
              {
                "enabled": false
              }
            ],
            "ephemeral_block_device": [],
            "get_password_data": false,
            "hibernation": false,
            "host_id": "",
            "host_resource_group_arn": null,
            "iam_instance_profile": "",
            "id": "i-0744e18b21c180016",
            "instance_initiated_shutdown_behavior": "stop",
            "instance_lifecycle": "",
            "instance_market_options": [],
            "instance_state": "running",
            "instance_type": "t2.micro",
            "ipv6_address_count": 0,
            "ipv6_addresses": [],
            "key_name": "keyins",
            "launch_template": [],
            "maintenance_options": [
              {
                "auto_recovery": "default"
              }
            ],
            "metadata_options": [
              {
                "http_endpoint": "enabled",
                "http_protocol_ipv6": "disabled",
                "http_put_response_hop_limit": 1,
                "http_tokens": "optional",
                "instance_metadata_tags": "disabled"
              }
            ],
            "monitoring": false,
            "network_interface": [],
            "outpost_arn": "",
            "password_data": "",
            "placement_group": "",
            "placement_partition_number": 0,
            "primary_network_interface_id": "eni-08c8b2fba6ccd45a6",
            "private_dns": "ip-10-8-123-229.ec2.internal",
            "private_dns_name_options": [
              {
                "enable_resource_name_dns_a_record": false,
                "enable_resource_name_dns_aaaa_record": false,
                "hostname_type": "ip-name"
              }
            ],
            "private_ip": "10.8.123.229",
            "public_dns": "",
            "public_ip": "54.81.198.43",
            "root_block_device": [
              {
                "delete_on_termination": true,
                "device_name": "/dev/sda1",
                "encrypted": false,
                "iops": 100,
                "kms_key_id": "",
                "tags": {},
                "throughput": 0,
                "volume_id": "vol-0c7827a4fc8b826b3",
                "volume_size": 8,
                "volume_type": "gp2"
              }
            ],
            "secondary_private_ips": [],
            "security_groups": [],
            "source_dest_check": true,
            "spot_instance_request_id": "",
            "subnet_id": "subnet-0c24cc931b1d1c1ff",
            "tags": {
              "Name": "bastion[count.index]"
            },
            "tags_all": {
              "Name": "bastion[count.index]"
            },
            "tenancy": "default",
            "timeouts": null,
            "user_data": null,
            "user_data_base64": null,
            "user_data_replace_on_change": false,
            "volume_tags": null,
            "vpc_security_group_ids": [
              "sg-0a7da81531d841d57"
            ]
          },
          "sensitive_attributes": [],
          "private": "eyJlMmJmYjczMC1lY2FhLTExZTYtOGY4OC0zNDM2M2JjN2M0YzAiOnsiY3JlYXRlIjo2MDAwMDAwMDAwMDAsImRlbGV0ZSI6MTIwMDAwMDAwMDAwMCwidXBkYXRlIjo2MDAwMDAwMDAwMDB9LCJzY2hlbWFfdmVyc2lvbiI6IjEifQ==",
          "dependencies": [
            "aws_key_pair.tf-key-pair",
            "aws_security_group.allow_all",
            "module.subnet.aws_subnet.public_subnet",
            "module.vpc2.aws_vpc.batch24",
            "tls_private_key.rsa"
          ]
        }
      ]
    },
    {
      "module": "module.ec2",
      "mode": "managed",
      "type": "aws_instance",
      "name": "aws1",
      "provider": "provider[\"registry.terraform.io/hashicorp/aws\"]",
      "instances": [
        {
          "index_key": 0,
          "schema_version": 1,
          "attributes": {
            "ami": "ami-06aa3f7caf3a30282",
            "arn": "arn:aws:ec2:us-east-1:123096254985:instance/i-0e311048da8bfef42",
            "associate_public_ip_address": false,
            "availability_zone": "us-east-1e",
            "capacity_reservation_specification": [
              {
                "capacity_reservation_preference": "open",
                "capacity_reservation_target": []
              }
            ],
            "cpu_core_count": 1,
            "cpu_options": [
              {
                "amd_sev_snp": "",
                "core_count": 1,
                "threads_per_core": 1
              }
            ],
            "cpu_threads_per_core": 1,
            "credit_specification": [
              {
                "cpu_credits": "standard"
              }
            ],
            "disable_api_stop": false,
            "disable_api_termination": false,
            "ebs_block_device": [],
            "ebs_optimized": false,
            "enclave_options": [
              {
                "enabled": false
              }
            ],
            "ephemeral_block_device": [],
            "get_password_data": false,
            "hibernation": false,
            "host_id": "",
            "host_resource_group_arn": null,
            "iam_instance_profile": "",
            "id": "i-0e311048da8bfef42",
            "instance_initiated_shutdown_behavior": "stop",
            "instance_lifecycle": "",
            "instance_market_options": [],
            "instance_state": "running",
            "instance_type": "t2.micro",
            "ipv6_address_count": 0,
            "ipv6_addresses": [],
            "key_name": "keyins",
            "launch_template": [],
            "maintenance_options": [
              {
                "auto_recovery": "default"
              }
            ],
            "metadata_options": [
              {
                "http_endpoint": "enabled",
                "http_protocol_ipv6": "disabled",
                "http_put_response_hop_limit": 1,
                "http_tokens": "optional",
                "instance_metadata_tags": "disabled"
              }
            ],
            "monitoring": false,
            "network_interface": [],
            "outpost_arn": "",
            "password_data": "",
            "placement_group": "",
            "placement_partition_number": 0,
            "primary_network_interface_id": "eni-0536696dad59cd062",
            "private_dns": "ip-10-8-0-38.ec2.internal",
            "private_dns_name_options": [
              {
                "enable_resource_name_dns_a_record": false,
                "enable_resource_name_dns_aaaa_record": false,
                "hostname_type": "ip-name"
              }
            ],
            "private_ip": "10.8.0.38",
            "public_dns": "",
            "public_ip": "",
            "root_block_device": [
              {
                "delete_on_termination": true,
                "device_name": "/dev/sda1",
                "encrypted": false,
                "iops": 100,
                "kms_key_id": "",
                "tags": {},
                "throughput": 0,
                "volume_id": "vol-091febe557f8a5550",
                "volume_size": 8,
                "volume_type": "gp2"
              }
            ],
            "secondary_private_ips": [],
            "security_groups": [],
            "source_dest_check": true,
            "spot_instance_request_id": "",
            "subnet_id": "subnet-0b9754924a4681cb8",
            "tags": {
              "Name": "private[count.index]"
            },
            "tags_all": {
              "Name": "private[count.index]"
            },
            "tenancy": "default",
            "timeouts": null,
            "user_data": null,
            "user_data_base64": null,
            "user_data_replace_on_change": false,
            "volume_tags": null,
            "vpc_security_group_ids": [
              "sg-0a38b6a8d4b939ff0"
            ]
          },
          "sensitive_attributes": [],
          "private": "eyJlMmJmYjczMC1lY2FhLTExZTYtOGY4OC0zNDM2M2JjN2M0YzAiOnsiY3JlYXRlIjo2MDAwMDAwMDAwMDAsImRlbGV0ZSI6MTIwMDAwMDAwMDAwMCwidXBkYXRlIjo2MDAwMDAwMDAwMDB9LCJzY2hlbWFfdmVyc2lvbiI6IjEifQ==",
          "dependencies": [
            "aws_key_pair.tf-key-pair",
            "aws_security_group.allow_all",
            "aws_security_group.private_subnet_sg",
            "module.subnet.aws_subnet.private_subnet",
            "module.vpc2.aws_vpc.batch24",
            "tls_private_key.rsa"
          ]
        },
        {
          "index_key": 1,
          "schema_version": 1,
          "attributes": {
            "ami": "ami-06aa3f7caf3a30282",
            "arn": "arn:aws:ec2:us-east-1:123096254985:instance/i-0f419966f158f4cea",
            "associate_public_ip_address": false,
            "availability_zone": "us-east-1a",
            "capacity_reservation_specification": [
              {
                "capacity_reservation_preference": "open",
                "capacity_reservation_target": []
              }
            ],
            "cpu_core_count": 1,
            "cpu_options": [
              {
                "amd_sev_snp": "",
                "core_count": 1,
                "threads_per_core": 1
              }
            ],
            "cpu_threads_per_core": 1,
            "credit_specification": [
              {
                "cpu_credits": "standard"
              }
            ],
            "disable_api_stop": false,
            "disable_api_termination": false,
            "ebs_block_device": [],
            "ebs_optimized": false,
            "enclave_options": [
              {
                "enabled": false
              }
            ],
            "ephemeral_block_device": [],
            "get_password_data": false,
            "hibernation": false,
            "host_id": "",
            "host_resource_group_arn": null,
            "iam_instance_profile": "",
            "id": "i-0f419966f158f4cea",
            "instance_initiated_shutdown_behavior": "stop",
            "instance_lifecycle": "",
            "instance_market_options": [],
            "instance_state": "running",
            "instance_type": "t2.micro",
            "ipv6_address_count": 0,
            "ipv6_addresses": [],
            "key_name": "keyins",
            "launch_template": [],
            "maintenance_options": [
              {
                "auto_recovery": "default"
              }
            ],
            "metadata_options": [
              {
                "http_endpoint": "enabled",
                "http_protocol_ipv6": "disabled",
                "http_put_response_hop_limit": 1,
                "http_tokens": "optional",
                "instance_metadata_tags": "disabled"
              }
            ],
            "monitoring": false,
            "network_interface": [],
            "outpost_arn": "",
            "password_data": "",
            "placement_group": "",
            "placement_partition_number": 0,
            "primary_network_interface_id": "eni-041dcfdbd13f23b9e",
            "private_dns": "ip-10-8-0-178.ec2.internal",
            "private_dns_name_options": [
              {
                "enable_resource_name_dns_a_record": false,
                "enable_resource_name_dns_aaaa_record": false,
                "hostname_type": "ip-name"
              }
            ],
            "private_ip": "10.8.0.178",
            "public_dns": "",
            "public_ip": "",
            "root_block_device": [
              {
                "delete_on_termination": true,
                "device_name": "/dev/sda1",
                "encrypted": false,
                "iops": 100,
                "kms_key_id": "",
                "tags": {},
                "throughput": 0,
                "volume_id": "vol-0a8158002b7139da0",
                "volume_size": 8,
                "volume_type": "gp2"
              }
            ],
            "secondary_private_ips": [],
            "security_groups": [],
            "source_dest_check": true,
            "spot_instance_request_id": "",
            "subnet_id": "subnet-0f91a81827371877c",
            "tags": {
              "Name": "private[count.index]"
            },
            "tags_all": {
              "Name": "private[count.index]"
            },
            "tenancy": "default",
            "timeouts": null,
            "user_data": null,
            "user_data_base64": null,
            "user_data_replace_on_change": false,
            "volume_tags": null,
            "vpc_security_group_ids": [
              "sg-0a38b6a8d4b939ff0"
            ]
          },
          "sensitive_attributes": [],
          "private": "eyJlMmJmYjczMC1lY2FhLTExZTYtOGY4OC0zNDM2M2JjN2M0YzAiOnsiY3JlYXRlIjo2MDAwMDAwMDAwMDAsImRlbGV0ZSI6MTIwMDAwMDAwMDAwMCwidXBkYXRlIjo2MDAwMDAwMDAwMDB9LCJzY2hlbWFfdmVyc2lvbiI6IjEifQ==",
          "dependencies": [
            "aws_key_pair.tf-key-pair",
            "aws_security_group.allow_all",
            "aws_security_group.private_subnet_sg",
            "module.subnet.aws_subnet.private_subnet",
            "module.vpc2.aws_vpc.batch24",
            "tls_private_key.rsa"
          ]
        }
      ]
    },
    {
      "module": "module.gateway",
      "mode": "managed",
      "type": "aws_internet_gateway",
      "name": "access",
      "provider": "provider[\"registry.terraform.io/hashicorp/aws\"]",
      "instances": [
        {
          "schema_version": 0,
          "attributes": {
            "arn": "arn:aws:ec2:us-east-1:123096254985:internet-gateway/igw-0658464e094162b79",
            "id": "igw-0658464e094162b79",
            "owner_id": "123096254985",
            "tags": {
              "Name": "ninja-igw-01"
            },
            "tags_all": {
              "Name": "ninja-igw-01"
            },
            "timeouts": null,
            "vpc_id": "vpc-0c7539956d1306549"
          },
          "sensitive_attributes": [],
          "private": "eyJlMmJmYjczMC1lY2FhLTExZTYtOGY4OC0zNDM2M2JjN2M0YzAiOnsiY3JlYXRlIjoxMjAwMDAwMDAwMDAwLCJkZWxldGUiOjEyMDAwMDAwMDAwMDAsInVwZGF0ZSI6MTIwMDAwMDAwMDAwMH19",
          "dependencies": [
            "module.vpc2.aws_vpc.batch24"
          ]
        }
      ]
    },
    {
      "module": "module.nat",
      "mode": "managed",
      "type": "aws_eip",
      "name": "lb",
      "provider": "provider[\"registry.terraform.io/hashicorp/aws\"]",
      "instances": [
        {
          "schema_version": 0,
          "attributes": {
            "address": null,
            "allocation_id": "eipalloc-00b30a9be5210cef4",
            "associate_with_private_ip": null,
            "association_id": "eipassoc-0ef334ef53013cfa5",
            "carrier_ip": "",
            "customer_owned_ip": "",
            "customer_owned_ipv4_pool": "",
            "domain": "vpc",
            "id": "eipalloc-00b30a9be5210cef4",
            "instance": "",
            "network_border_group": "us-east-1",
            "network_interface": "eni-069adec44718f183a",
            "private_dns": "ip-10-8-159-207.ec2.internal",
            "private_ip": "10.8.159.207",
            "public_dns": "ec2-52-1-220-10.compute-1.amazonaws.com",
            "public_ip": "52.1.220.10",
            "public_ipv4_pool": "amazon",
            "tags": {},
            "tags_all": {},
            "timeouts": null,
            "vpc": true
          },
          "sensitive_attributes": [],
          "private": "eyJlMmJmYjczMC1lY2FhLTExZTYtOGY4OC0zNDM2M2JjN2M0YzAiOnsiZGVsZXRlIjoxODAwMDAwMDAwMDAsInJlYWQiOjkwMDAwMDAwMDAwMCwidXBkYXRlIjozMDAwMDAwMDAwMDB9fQ=="
        }
      ]
    },
    {
      "module": "module.nat",
      "mode": "managed",
      "type": "aws_nat_gateway",
      "name": "example",
      "provider": "provider[\"registry.terraform.io/hashicorp/aws\"]",
      "instances": [
        {
          "schema_version": 0,
          "attributes": {
            "allocation_id": "eipalloc-00b30a9be5210cef4",
            "association_id": "eipassoc-0ef334ef53013cfa5",
            "connectivity_type": "public",
            "id": "nat-02792d3bbe33bb818",
            "network_interface_id": "eni-069adec44718f183a",
            "private_ip": "10.8.159.207",
            "public_ip": "52.1.220.10",
            "secondary_allocation_ids": [],
            "secondary_private_ip_address_count": 0,
            "secondary_private_ip_addresses": [],
            "subnet_id": "subnet-035f6cfa201554e23",
            "tags": {
              "Name": "ninja-nat-01"
            },
            "tags_all": {
              "Name": "ninja-nat-01"
            },
            "timeouts": null
          },
          "sensitive_attributes": [],
          "private": "eyJlMmJmYjczMC1lY2FhLTExZTYtOGY4OC0zNDM2M2JjN2M0YzAiOnsiY3JlYXRlIjo2MDAwMDAwMDAwMDAsImRlbGV0ZSI6MTgwMDAwMDAwMDAwMCwidXBkYXRlIjo2MDAwMDAwMDAwMDB9fQ==",
          "dependencies": [
            "module.gateway.aws_internet_gateway.access",
            "module.nat.aws_eip.lb",
            "module.subnet.aws_subnet.public_subnet",
            "module.vpc2.aws_vpc.batch24"
          ]
        }
      ]
    },
    {
      "module": "module.route_tables",
      "mode": "managed",
      "type": "aws_route",
      "name": "nat_gateway",
      "provider": "provider[\"registry.terraform.io/hashicorp/aws\"]",
      "instances": [
        {
          "schema_version": 0,
          "attributes": {
            "carrier_gateway_id": "",
            "core_network_arn": "",
            "destination_cidr_block": "0.0.0.0/0",
            "destination_ipv6_cidr_block": "",
            "destination_prefix_list_id": "",
            "egress_only_gateway_id": "",
            "gateway_id": "",
            "id": "r-rtb-0e4b1af99560db6de1080289494",
            "instance_id": "",
            "instance_owner_id": "",
            "local_gateway_id": "",
            "nat_gateway_id": "nat-02792d3bbe33bb818",
            "network_interface_id": "",
            "origin": "CreateRoute",
            "route_table_id": "rtb-0e4b1af99560db6de",
            "state": "active",
            "timeouts": null,
            "transit_gateway_id": "",
            "vpc_endpoint_id": "",
            "vpc_peering_connection_id": ""
          },
          "sensitive_attributes": [],
          "private": "eyJlMmJmYjczMC1lY2FhLTExZTYtOGY4OC0zNDM2M2JjN2M0YzAiOnsiY3JlYXRlIjozMDAwMDAwMDAwMDAsImRlbGV0ZSI6MzAwMDAwMDAwMDAwLCJ1cGRhdGUiOjEyMDAwMDAwMDAwMH19",
          "dependencies": [
            "module.gateway.aws_internet_gateway.access",
            "module.nat.aws_eip.lb",
            "module.nat.aws_nat_gateway.example",
            "module.route_tables.aws_route_table.private",
            "module.subnet.aws_subnet.public_subnet",
            "module.vpc2.aws_vpc.batch24"
          ]
        }
      ]
    },
    {
      "module": "module.route_tables",
      "mode": "managed",
      "type": "aws_route",
      "name": "public_internet_gateway",
      "provider": "provider[\"registry.terraform.io/hashicorp/aws\"]",
      "instances": [
        {
          "schema_version": 0,
          "attributes": {
            "carrier_gateway_id": "",
            "core_network_arn": "",
            "destination_cidr_block": "0.0.0.0/0",
            "destination_ipv6_cidr_block": "",
            "destination_prefix_list_id": "",
            "egress_only_gateway_id": "",
            "gateway_id": "igw-0658464e094162b79",
            "id": "r-rtb-0ea9640049aa2db281080289494",
            "instance_id": "",
            "instance_owner_id": "",
            "local_gateway_id": "",
            "nat_gateway_id": "",
            "network_interface_id": "",
            "origin": "CreateRoute",
            "route_table_id": "rtb-0ea9640049aa2db28",
            "state": "active",
            "timeouts": null,
            "transit_gateway_id": "",
            "vpc_endpoint_id": "",
            "vpc_peering_connection_id": ""
          },
          "sensitive_attributes": [],
          "private": "eyJlMmJmYjczMC1lY2FhLTExZTYtOGY4OC0zNDM2M2JjN2M0YzAiOnsiY3JlYXRlIjozMDAwMDAwMDAwMDAsImRlbGV0ZSI6MzAwMDAwMDAwMDAwLCJ1cGRhdGUiOjEyMDAwMDAwMDAwMH19",
          "dependencies": [
            "module.gateway.aws_internet_gateway.access",
            "module.route_tables.aws_route_table.public",
            "module.vpc2.aws_vpc.batch24"
          ]
        }
      ]
    },
    {
      "module": "module.route_tables",
      "mode": "managed",
      "type": "aws_route_table",
      "name": "private",
      "provider": "provider[\"registry.terraform.io/hashicorp/aws\"]",
      "instances": [
        {
          "schema_version": 0,
          "attributes": {
            "arn": "arn:aws:ec2:us-east-1:123096254985:route-table/rtb-0e4b1af99560db6de",
            "id": "rtb-0e4b1af99560db6de",
            "owner_id": "123096254985",
            "propagating_vgws": [],
            "route": [
              {
                "carrier_gateway_id": "",
                "cidr_block": "0.0.0.0/0",
                "core_network_arn": "",
                "destination_prefix_list_id": "",
                "egress_only_gateway_id": "",
                "gateway_id": "",
                "ipv6_cidr_block": "",
                "local_gateway_id": "",
                "nat_gateway_id": "nat-02792d3bbe33bb818",
                "network_interface_id": "",
                "transit_gateway_id": "",
                "vpc_endpoint_id": "",
                "vpc_peering_connection_id": ""
              }
            ],
            "tags": {},
            "tags_all": {},
            "timeouts": null,
            "vpc_id": "vpc-0c7539956d1306549"
          },
          "sensitive_attributes": [],
          "private": "eyJlMmJmYjczMC1lY2FhLTExZTYtOGY4OC0zNDM2M2JjN2M0YzAiOnsiY3JlYXRlIjozMDAwMDAwMDAwMDAsImRlbGV0ZSI6MzAwMDAwMDAwMDAwLCJ1cGRhdGUiOjEyMDAwMDAwMDAwMH19",
          "dependencies": [
            "module.vpc2.aws_vpc.batch24"
          ]
        }
      ]
    },
    {
      "module": "module.route_tables",
      "mode": "managed",
      "type": "aws_route_table",
      "name": "public",
      "provider": "provider[\"registry.terraform.io/hashicorp/aws\"]",
      "instances": [
        {
          "schema_version": 0,
          "attributes": {
            "arn": "arn:aws:ec2:us-east-1:123096254985:route-table/rtb-0ea9640049aa2db28",
            "id": "rtb-0ea9640049aa2db28",
            "owner_id": "123096254985",
            "propagating_vgws": [],
            "route": [
              {
                "carrier_gateway_id": "",
                "cidr_block": "0.0.0.0/0",
                "core_network_arn": "",
                "destination_prefix_list_id": "",
                "egress_only_gateway_id": "",
                "gateway_id": "igw-0658464e094162b79",
                "ipv6_cidr_block": "",
                "local_gateway_id": "",
                "nat_gateway_id": "",
                "network_interface_id": "",
                "transit_gateway_id": "",
                "vpc_endpoint_id": "",
                "vpc_peering_connection_id": ""
              }
            ],
            "tags": {},
            "tags_all": {},
            "timeouts": null,
            "vpc_id": "vpc-0c7539956d1306549"
          },
          "sensitive_attributes": [],
          "private": "eyJlMmJmYjczMC1lY2FhLTExZTYtOGY4OC0zNDM2M2JjN2M0YzAiOnsiY3JlYXRlIjozMDAwMDAwMDAwMDAsImRlbGV0ZSI6MzAwMDAwMDAwMDAwLCJ1cGRhdGUiOjEyMDAwMDAwMDAwMH19",
          "dependencies": [
            "module.vpc2.aws_vpc.batch24"
          ]
        }
      ]
    },
    {
      "module": "module.route_tables",
      "mode": "managed",
      "type": "aws_route_table_association",
      "name": "private_association",
      "provider": "provider[\"registry.terraform.io/hashicorp/aws\"]",
      "instances": [
        {
          "index_key": 0,
          "schema_version": 0,
          "attributes": {
            "gateway_id": "",
            "id": "rtbassoc-02da94d3baefb01eb",
            "route_table_id": "rtb-0e4b1af99560db6de",
            "subnet_id": "subnet-0b9754924a4681cb8",
            "timeouts": null
          },
          "sensitive_attributes": [],
          "private": "eyJlMmJmYjczMC1lY2FhLTExZTYtOGY4OC0zNDM2M2JjN2M0YzAiOnsiY3JlYXRlIjozMDAwMDAwMDAwMDAsImRlbGV0ZSI6MzAwMDAwMDAwMDAwLCJ1cGRhdGUiOjEyMDAwMDAwMDAwMH19",
          "dependencies": [
            "module.route_tables.aws_route_table.private",
            "module.subnet.aws_subnet.private_subnet",
            "module.vpc2.aws_vpc.batch24"
          ]
        },
        {
          "index_key": 1,
          "schema_version": 0,
          "attributes": {
            "gateway_id": "",
            "id": "rtbassoc-0ddad30c3f099a05e",
            "route_table_id": "rtb-0e4b1af99560db6de",
            "subnet_id": "subnet-0f91a81827371877c",
            "timeouts": null
          },
          "sensitive_attributes": [],
          "private": "eyJlMmJmYjczMC1lY2FhLTExZTYtOGY4OC0zNDM2M2JjN2M0YzAiOnsiY3JlYXRlIjozMDAwMDAwMDAwMDAsImRlbGV0ZSI6MzAwMDAwMDAwMDAwLCJ1cGRhdGUiOjEyMDAwMDAwMDAwMH19",
          "dependencies": [
            "module.route_tables.aws_route_table.private",
            "module.subnet.aws_subnet.private_subnet",
            "module.vpc2.aws_vpc.batch24"
          ]
        }
      ]
    },
    {
      "module": "module.route_tables",
      "mode": "managed",
      "type": "aws_route_table_association",
      "name": "public_association",
      "provider": "provider[\"registry.terraform.io/hashicorp/aws\"]",
      "instances": [
        {
          "index_key": 0,
          "schema_version": 0,
          "attributes": {
            "gateway_id": "",
            "id": "rtbassoc-042262227c8ebaf5d",
            "route_table_id": "rtb-0ea9640049aa2db28",
            "subnet_id": "subnet-035f6cfa201554e23",
            "timeouts": null
          },
          "sensitive_attributes": [],
          "private": "eyJlMmJmYjczMC1lY2FhLTExZTYtOGY4OC0zNDM2M2JjN2M0YzAiOnsiY3JlYXRlIjozMDAwMDAwMDAwMDAsImRlbGV0ZSI6MzAwMDAwMDAwMDAwLCJ1cGRhdGUiOjEyMDAwMDAwMDAwMH19",
          "dependencies": [
            "module.route_tables.aws_route_table.public",
            "module.subnet.aws_subnet.public_subnet",
            "module.vpc2.aws_vpc.batch24"
          ]
        },
        {
          "index_key": 1,
          "schema_version": 0,
          "attributes": {
            "gateway_id": "",
            "id": "rtbassoc-053209e64388eb7c5",
            "route_table_id": "rtb-0ea9640049aa2db28",
            "subnet_id": "subnet-0c24cc931b1d1c1ff",
            "timeouts": null
          },
          "sensitive_attributes": [],
          "private": "eyJlMmJmYjczMC1lY2FhLTExZTYtOGY4OC0zNDM2M2JjN2M0YzAiOnsiY3JlYXRlIjozMDAwMDAwMDAwMDAsImRlbGV0ZSI6MzAwMDAwMDAwMDAwLCJ1cGRhdGUiOjEyMDAwMDAwMDAwMH19",
          "dependencies": [
            "module.route_tables.aws_route_table.public",
            "module.subnet.aws_subnet.public_subnet",
            "module.vpc2.aws_vpc.batch24"
          ]
        }
      ]
    },
    {
      "module": "module.subnet",
      "mode": "managed",
      "type": "aws_subnet",
      "name": "private_subnet",
      "provider": "provider[\"registry.terraform.io/hashicorp/aws\"]",
      "instances": [
        {
          "index_key": 0,
          "schema_version": 1,
          "attributes": {
            "arn": "arn:aws:ec2:us-east-1:123096254985:subnet/subnet-0b9754924a4681cb8",
            "assign_ipv6_address_on_creation": false,
            "availability_zone": "us-east-1e",
            "availability_zone_id": "use1-az3",
            "cidr_block": "10.8.0.0/25",
            "customer_owned_ipv4_pool": "",
            "enable_dns64": false,
            "enable_lni_at_device_index": 0,
            "enable_resource_name_dns_a_record_on_launch": false,
            "enable_resource_name_dns_aaaa_record_on_launch": false,
            "id": "subnet-0b9754924a4681cb8",
            "ipv6_cidr_block": "",
            "ipv6_cidr_block_association_id": "",
            "ipv6_native": false,
            "map_customer_owned_ip_on_launch": false,
            "map_public_ip_on_launch": false,
            "outpost_arn": "",
            "owner_id": "123096254985",
            "private_dns_hostname_type_on_launch": "ip-name",
            "tags": {
              "Name": "ninja-pri-sub-01"
            },
            "tags_all": {
              "Name": "ninja-pri-sub-01"
            },
            "timeouts": null,
            "vpc_id": "vpc-0c7539956d1306549"
          },
          "sensitive_attributes": [],
          "private": "eyJlMmJmYjczMC1lY2FhLTExZTYtOGY4OC0zNDM2M2JjN2M0YzAiOnsiY3JlYXRlIjo2MDAwMDAwMDAwMDAsImRlbGV0ZSI6MTIwMDAwMDAwMDAwMH0sInNjaGVtYV92ZXJzaW9uIjoiMSJ9",
          "dependencies": [
            "module.vpc2.aws_vpc.batch24"
          ]
        },
        {
          "index_key": 1,
          "schema_version": 1,
          "attributes": {
            "arn": "arn:aws:ec2:us-east-1:123096254985:subnet/subnet-0f91a81827371877c",
            "assign_ipv6_address_on_creation": false,
            "availability_zone": "us-east-1a",
            "availability_zone_id": "use1-az4",
            "cidr_block": "10.8.0.128/25",
            "customer_owned_ipv4_pool": "",
            "enable_dns64": false,
            "enable_lni_at_device_index": 0,
            "enable_resource_name_dns_a_record_on_launch": false,
            "enable_resource_name_dns_aaaa_record_on_launch": false,
            "id": "subnet-0f91a81827371877c",
            "ipv6_cidr_block": "",
            "ipv6_cidr_block_association_id": "",
            "ipv6_native": false,
            "map_customer_owned_ip_on_launch": false,
            "map_public_ip_on_launch": false,
            "outpost_arn": "",
            "owner_id": "123096254985",
            "private_dns_hostname_type_on_launch": "ip-name",
            "tags": {
              "Name": "ninja-pri-sub-02"
            },
            "tags_all": {
              "Name": "ninja-pri-sub-02"
            },
            "timeouts": null,
            "vpc_id": "vpc-0c7539956d1306549"
          },
          "sensitive_attributes": [],
          "private": "eyJlMmJmYjczMC1lY2FhLTExZTYtOGY4OC0zNDM2M2JjN2M0YzAiOnsiY3JlYXRlIjo2MDAwMDAwMDAwMDAsImRlbGV0ZSI6MTIwMDAwMDAwMDAwMH0sInNjaGVtYV92ZXJzaW9uIjoiMSJ9",
          "dependencies": [
            "module.vpc2.aws_vpc.batch24"
          ]
        }
      ]
    },
    {
      "module": "module.subnet",
      "mode": "managed",
      "type": "aws_subnet",
      "name": "public_subnet",
      "provider": "provider[\"registry.terraform.io/hashicorp/aws\"]",
      "instances": [
        {
          "index_key": 0,
          "schema_version": 1,
          "attributes": {
            "arn": "arn:aws:ec2:us-east-1:123096254985:subnet/subnet-035f6cfa201554e23",
            "assign_ipv6_address_on_creation": false,
            "availability_zone": "us-east-1c",
            "availability_zone_id": "use1-az1",
            "cidr_block": "10.8.128.0/18",
            "customer_owned_ipv4_pool": "",
            "enable_dns64": false,
            "enable_lni_at_device_index": 0,
            "enable_resource_name_dns_a_record_on_launch": false,
            "enable_resource_name_dns_aaaa_record_on_launch": false,
            "id": "subnet-035f6cfa201554e23",
            "ipv6_cidr_block": "",
            "ipv6_cidr_block_association_id": "",
            "ipv6_native": false,
            "map_customer_owned_ip_on_launch": false,
            "map_public_ip_on_launch": false,
            "outpost_arn": "",
            "owner_id": "123096254985",
            "private_dns_hostname_type_on_launch": "ip-name",
            "tags": {
              "Name": "ninja-pub-sub-01"
            },
            "tags_all": {
              "Name": "ninja-pub-sub-01"
            },
            "timeouts": null,
            "vpc_id": "vpc-0c7539956d1306549"
          },
          "sensitive_attributes": [],
          "private": "eyJlMmJmYjczMC1lY2FhLTExZTYtOGY4OC0zNDM2M2JjN2M0YzAiOnsiY3JlYXRlIjo2MDAwMDAwMDAwMDAsImRlbGV0ZSI6MTIwMDAwMDAwMDAwMH0sInNjaGVtYV92ZXJzaW9uIjoiMSJ9",
          "dependencies": [
            "module.vpc2.aws_vpc.batch24"
          ]
        },
        {
          "index_key": 1,
          "schema_version": 1,
          "attributes": {
            "arn": "arn:aws:ec2:us-east-1:123096254985:subnet/subnet-0c24cc931b1d1c1ff",
            "assign_ipv6_address_on_creation": false,
            "availability_zone": "us-east-1b",
            "availability_zone_id": "use1-az6",
            "cidr_block": "10.8.64.0/18",
            "customer_owned_ipv4_pool": "",
            "enable_dns64": false,
            "enable_lni_at_device_index": 0,
            "enable_resource_name_dns_a_record_on_launch": false,
            "enable_resource_name_dns_aaaa_record_on_launch": false,
            "id": "subnet-0c24cc931b1d1c1ff",
            "ipv6_cidr_block": "",
            "ipv6_cidr_block_association_id": "",
            "ipv6_native": false,
            "map_customer_owned_ip_on_launch": false,
            "map_public_ip_on_launch": false,
            "outpost_arn": "",
            "owner_id": "123096254985",
            "private_dns_hostname_type_on_launch": "ip-name",
            "tags": {
              "Name": "ninja-pub-sub-02"
            },
            "tags_all": {
              "Name": "ninja-pub-sub-02"
            },
            "timeouts": null,
            "vpc_id": "vpc-0c7539956d1306549"
          },
          "sensitive_attributes": [],
          "private": "eyJlMmJmYjczMC1lY2FhLTExZTYtOGY4OC0zNDM2M2JjN2M0YzAiOnsiY3JlYXRlIjo2MDAwMDAwMDAwMDAsImRlbGV0ZSI6MTIwMDAwMDAwMDAwMH0sInNjaGVtYV92ZXJzaW9uIjoiMSJ9",
          "dependencies": [
            "module.vpc2.aws_vpc.batch24"
          ]
        }
      ]
    },
    {
      "module": "module.vpc2",
      "mode": "managed",
      "type": "aws_vpc",
      "name": "batch24",
      "provider": "provider[\"registry.terraform.io/hashicorp/aws\"]",
      "instances": [
        {
          "schema_version": 1,
          "attributes": {
            "arn": "arn:aws:ec2:us-east-1:123096254985:vpc/vpc-0c7539956d1306549",
            "assign_generated_ipv6_cidr_block": false,
            "cidr_block": "10.8.0.0/16",
            "default_network_acl_id": "acl-0b7cdb981751e7412",
            "default_route_table_id": "rtb-08de1a21704d20eae",
            "default_security_group_id": "sg-0088ba56d1a5d1d20",
            "dhcp_options_id": "dopt-085ca402356590561",
            "enable_dns_hostnames": false,
            "enable_dns_support": true,
            "enable_network_address_usage_metrics": false,
            "id": "vpc-0c7539956d1306549",
            "instance_tenancy": "default",
            "ipv4_ipam_pool_id": null,
            "ipv4_netmask_length": null,
            "ipv6_association_id": "",
            "ipv6_cidr_block": "",
            "ipv6_cidr_block_network_border_group": "",
            "ipv6_ipam_pool_id": "",
            "ipv6_netmask_length": 0,
            "main_route_table_id": "rtb-08de1a21704d20eae",
            "owner_id": "123096254985",
            "tags": {
              "Name": "ninja-vpc-01"
            },
            "tags_all": {
              "Name": "ninja-vpc-01"
            }
          },
          "sensitive_attributes": [],
          "private": "eyJzY2hlbWFfdmVyc2lvbiI6IjEifQ=="
        }
      ]
    }
  ],
  "check_results": null
}
